
Microsoft Visual Studio Solution File, Format Version 12.00
Project("{FAE04EC0-301F-11D3-BF4B-00C04F79EFBC}") = "Horecapp", "Horecapp\Horecapp.csproj", "{B8B1F6A5-3470-4A34-8E5F-AA7248A539BC}"
EndProject
Global
	GlobalSection(SolutionConfigurationPlatforms) = preSolution
		Debug|Any CPU = Debug|Any CPU
		Release|Any CPU = Release|Any CPU
	EndGlobalSection
	GlobalSection(ProjectConfigurationPlatforms) = postSolution
		{B8B1F6A5-3470-4A34-8E5F-AA7248A539BC}.Debug|Any CPU.ActiveCfg = Debug|Any CPU
		{B8B1F6A5-3470-4A34-8E5F-AA7248A539BC}.Debug|Any CPU.Build.0 = Debug|Any CPU
		{B8B1F6A5-3470-4A34-8E5F-AA7248A539BC}.Release|Any CPU.ActiveCfg = Release|Any CPU
		{B8B1F6A5-3470-4A34-8E5F-AA7248A539BC}.Release|Any CPU.Build.0 = Release|Any CPU
	EndGlobalSection
EndGlobal
